{
  "originHash" : "50332ce3348e9df07b56958b0969d255fad8020066430ec9bca8fca5d1da71ee",
  "pins" : [
    {
      "identity" : "youtubekit",
      "kind" : "remoteSourceControl",
      "location" : "https://github.com/alexeichhorn/YouTubeKit",
      "state" : {
        "revision" : "03b71a4f608376b07f7873a2ddc80c13ef678e06",
        "version" : "0.4.5"
      }
    }
  ],
  "version" : 3
}
